# Generated by buf. DO NOT EDIT.
version: v1
deps:
  - remote: buf.build
    owner: gogo
    repository: protobuf
    commit: 4df00b267f944190a229ce3695781e99
    digest: shake256:de60e0534d11dfd7a1817909618e847e15d4ab6f5cc6d71154a9735af651c7bda2232b33f3fb6a4daf23f64a3fe80270e99d42d77c551bb9a69ab5dc48ec2e04
  - remote: buf.build
    owner: googleapis
    repository: googleapis
    commit: 8d7204855ec14631a499bd7393ce1970
    digest: shake256:40bf4112960cad01281930beed85829910768e32e80e986791596853eccd42c0cbd9d96690b918f658020d2d427e16f8b6514e2ac7f4a10306fd32e77be44329
